
Microsoft Visual Studio Solution File, Format Version 12.00
# Visual Studio 15
VisualStudioVersion = 15.0.28307.489
MinimumVisualStudioVersion = 10.0.40219.1
Project("{218574D1-FF94-4B95-8577-A6D58C11C315}") = "ODWH Source Control", "ODWH Source Control\ODWH Source Control.oradbproj", "{8A3C0933-0BF6-4D47-923F-8D939907AB1D}"
EndProject
Global
	GlobalSection(SolutionProperties) = preSolution
		HideSolutionNode = FALSE
	EndGlobalSection
	GlobalSection(ExtensibilityGlobals) = postSolution
		SolutionGuid = {2253C2B6-3E47-4DBE-9F8E-2CC2208FB82D}
	EndGlobalSection
	GlobalSection(TeamFoundationVersionControl) = preSolution
		SccNumberOfProjects = 2
		SccEnterpriseProvider = {4CA58AB2-18FA-4F8D-95D4-32DDF27D184C}
		SccTeamFoundationServer = https://tfs02.woolworths.co.za/tfs/mdm
		SccLocalPath0 = .
		SccProjectUniqueName1 = ODWH\u0020Source\u0020Control\\ODWH\u0020Source\u0020Control.oradbproj
		SccProjectName1 = ODWH\u0020Source\u0020Control
		SccLocalPath1 = ODWH\u0020Source\u0020Control
	EndGlobalSection
EndGlobal
